
Microsoft Visual Studio Solution File, Format Version 12.00
# Visual Studio 14
VisualStudioVersion = 14.0.25123.0
MinimumVisualStudioVersion = 10.0.40219.1
Project("{FAE04EC0-301F-11D3-BF4B-00C04F79EFBC}") = "GroceryList.Droid", "GroceryList\GroceryList.Droid\GroceryList.Droid.csproj", "{E61C7FD6-86D0-42C9-8D54-D693C5D225B0}"
EndProject
Project("{FAE04EC0-301F-11D3-BF4B-00C04F79EFBC}") = "GroceryList.iOS", "GroceryList\GroceryList.iOS\GroceryList.iOS.csproj", "{091C60C4-165E-4A63-AE72-3FD5032346E9}"
EndProject
Project("{FAE04EC0-301F-11D3-BF4B-00C04F79EFBC}") = "GroceryList.WinPhone", "GroceryList\GroceryList.WinPhone\GroceryList.WinPhone.csproj", "{397C6341-13A9-4A73-9AB6-4DA5821F7A77}"
EndProject
Project("{FAE04EC0-301F-11D3-BF4B-00C04F79EFBC}") = "GroceryList.UWP", "GroceryList\GroceryList.UWP\GroceryList.UWP.csproj", "{1237711D-F108-4AC2-BE16-48C872B09AFA}"
EndProject
Project("{FAE04EC0-301F-11D3-BF4B-00C04F79EFBC}") = "GroceryList.Windows", "GroceryList\GroceryList.Windows\GroceryList.Windows.csproj", "{D991D7D4-95B5-42BA-8565-A369BF0E26B2}"
EndProject
Project("{FAE04EC0-301F-11D3-BF4B-00C04F79EFBC}") = "GroceryList", "GroceryList\GroceryList\GroceryList.csproj", "{82FBC126-9E31-4914-90AB-84F53EB1C825}"
EndProject
Global
	GlobalSection(SolutionConfigurationPlatforms) = preSolution
		Ad-Hoc|Any CPU = Ad-Hoc|Any CPU
		Ad-Hoc|ARM = Ad-Hoc|ARM
		Ad-Hoc|iPhone = Ad-Hoc|iPhone
		Ad-Hoc|iPhoneSimulator = Ad-Hoc|iPhoneSimulator
		Ad-Hoc|x64 = Ad-Hoc|x64
		Ad-Hoc|x86 = Ad-Hoc|x86
		AppStore|Any CPU = AppStore|Any CPU
		AppStore|ARM = AppStore|ARM
		AppStore|iPhone = AppStore|iPhone
		AppStore|iPhoneSimulator = AppStore|iPhoneSimulator
		AppStore|x64 = AppStore|x64
		AppStore|x86 = AppStore|x86
		Debug|Any CPU = Debug|Any CPU
		Debug|ARM = Debug|ARM
		Debug|iPhone = Debug|iPhone
		Debug|iPhoneSimulator = Debug|iPhoneSimulator
		Debug|x64 = Debug|x64
		Debug|x86 = Debug|x86
		Release|Any CPU = Release|Any CPU
		Release|ARM = Release|ARM
		Release|iPhone = Release|iPhone
		Release|iPhoneSimulator = Release|iPhoneSimulator
		Release|x64 = Release|x64
		Release|x86 = Release|x86
	EndGlobalSection
	GlobalSection(ProjectConfigurationPlatforms) = postSolution
		{E61C7FD6-86D0-42C9-8D54-D693C5D225B0}.Ad-Hoc|Any CPU.ActiveCfg = Release|Any CPU
		{E61C7FD6-86D0-42C9-8D54-D693C5D225B0}.Ad-Hoc|Any CPU.Build.0 = Release|Any CPU
		{E61C7FD6-86D0-42C9-8D54-D693C5D225B0}.Ad-Hoc|Any CPU.Deploy.0 = Release|Any CPU
		{E61C7FD6-86D0-42C9-8D54-D693C5D225B0}.Ad-Hoc|ARM.ActiveCfg = Release|Any CPU
		{E61C7FD6-86D0-42C9-8D54-D693C5D225B0}.Ad-Hoc|ARM.Build.0 = Release|Any CPU
		{E61C7FD6-86D0-42C9-8D54-D693C5D225B0}.Ad-Hoc|ARM.Deploy.0 = Release|Any CPU
		{E61C7FD6-86D0-42C9-8D54-D693C5D225B0}.Ad-Hoc|iPhone.ActiveCfg = Release|Any CPU
		{E61C7FD6-86D0-42C9-8D54-D693C5D225B0}.Ad-Hoc|iPhone.Build.0 = Release|Any CPU
		{E61C7FD6-86D0-42C9-8D54-D693C5D225B0}.Ad-Hoc|iPhone.Deploy.0 = Release|Any CPU
		{E61C7FD6-86D0-42C9-8D54-D693C5D225B0}.Ad-Hoc|iPhoneSimulator.ActiveCfg = Release|Any CPU
		{E61C7FD6-86D0-42C9-8D54-D693C5D225B0}.Ad-Hoc|iPhoneSimulator.Build.0 = Release|Any CPU
		{E61C7FD6-86D0-42C9-8D54-D693C5D225B0}.Ad-Hoc|iPhoneSimulator.Deploy.0 = Release|Any CPU
		{E61C7FD6-86D0-42C9-8D54-D693C5D225B0}.Ad-Hoc|x64.ActiveCfg = Release|Any CPU
		{E61C7FD6-86D0-42C9-8D54-D693C5D225B0}.Ad-Hoc|x64.Build.0 = Release|Any CPU
		{E61C7FD6-86D0-42C9-8D54-D693C5D225B0}.Ad-Hoc|x64.Deploy.0 = Release|Any CPU
		{E61C7FD6-86D0-42C9-8D54-D693C5D225B0}.Ad-Hoc|x86.ActiveCfg = Release|Any CPU
		{E61C7FD6-86D0-42C9-8D54-D693C5D225B0}.Ad-Hoc|x86.Build.0 = Release|Any CPU
		{E61C7FD6-86D0-42C9-8D54-D693C5D225B0}.Ad-Hoc|x86.Deploy.0 = Release|Any CPU
		{E61C7FD6-86D0-42C9-8D54-D693C5D225B0}.AppStore|Any CPU.ActiveCfg = Release|Any CPU
		{E61C7FD6-86D0-42C9-8D54-D693C5D225B0}.AppStore|Any CPU.Build.0 = Release|Any CPU
		{E61C7FD6-86D0-42C9-8D54-D693C5D225B0}.AppStore|Any CPU.Deploy.0 = Release|Any CPU
		{E61C7FD6-86D0-42C9-8D54-D693C5D225B0}.AppStore|ARM.ActiveCfg = Release|Any CPU
		{E61C7FD6-86D0-42C9-8D54-D693C5D225B0}.AppStore|ARM.Build.0 = Release|Any CPU
		{E61C7FD6-86D0-42C9-8D54-D693C5D225B0}.AppStore|ARM.Deploy.0 = Release|Any CPU
		{E61C7FD6-86D0-42C9-8D54-D693C5D225B0}.AppStore|iPhone.ActiveCfg = Release|Any CPU
		{E61C7FD6-86D0-42C9-8D54-D693C5D225B0}.AppStore|iPhone.Build.0 = Release|Any CPU
		{E61C7FD6-86D0-42C9-8D54-D693C5D225B0}.AppStore|iPhone.Deploy.0 = Release|Any CPU
		{E61C7FD6-86D0-42C9-8D54-D693C5D225B0}.AppStore|iPhoneSimulator.ActiveCfg = Release|Any CPU
		{E61C7FD6-86D0-42C9-8D54-D693C5D225B0}.AppStore|iPhoneSimulator.Build.0 = Release|Any CPU
		{E61C7FD6-86D0-42C9-8D54-D693C5D225B0}.AppStore|iPhoneSimulator.Deploy.0 = Release|Any CPU
		{E61C7FD6-86D0-42C9-8D54-D693C5D225B0}.AppStore|x64.ActiveCfg = Release|Any CPU
		{E61C7FD6-86D0-42C9-8D54-D693C5D225B0}.AppStore|x64.Build.0 = Release|Any CPU
		{E61C7FD6-86D0-42C9-8D54-D693C5D225B0}.AppStore|x64.Deploy.0 = Release|Any CPU
		{E61C7FD6-86D0-42C9-8D54-D693C5D225B0}.AppStore|x86.ActiveCfg = Release|Any CPU
		{E61C7FD6-86D0-42C9-8D54-D693C5D225B0}.AppStore|x86.Build.0 = Release|Any CPU
		{E61C7FD6-86D0-42C9-8D54-D693C5D225B0}.AppStore|x86.Deploy.0 = Release|Any CPU
		{E61C7FD6-86D0-42C9-8D54-D693C5D225B0}.Debug|Any CPU.ActiveCfg = Debug|Any CPU
		{E61C7FD6-86D0-42C9-8D54-D693C5D225B0}.Debug|Any CPU.Build.0 = Debug|Any CPU
		{E61C7FD6-86D0-42C9-8D54-D693C5D225B0}.Debug|Any CPU.Deploy.0 = Debug|Any CPU
		{E61C7FD6-86D0-42C9-8D54-D693C5D225B0}.Debug|ARM.ActiveCfg = Debug|Any CPU
		{E61C7FD6-86D0-42C9-8D54-D693C5D225B0}.Debug|ARM.Build.0 = Debug|Any CPU
		{E61C7FD6-86D0-42C9-8D54-D693C5D225B0}.Debug|ARM.Deploy.0 = Debug|Any CPU
		{E61C7FD6-86D0-42C9-8D54-D693C5D225B0}.Debug|iPhone.ActiveCfg = Debug|Any CPU
		{E61C7FD6-86D0-42C9-8D54-D693C5D225B0}.Debug|iPhone.Build.0 = Debug|Any CPU
		{E61C7FD6-86D0-42C9-8D54-D693C5D225B0}.Debug|iPhone.Deploy.0 = Debug|Any CPU
		{E61C7FD6-86D0-42C9-8D54-D693C5D225B0}.Debug|iPhoneSimulator.ActiveCfg = Debug|Any CPU
		{E61C7FD6-86D0-42C9-8D54-D693C5D225B0}.Debug|iPhoneSimulator.Build.0 = Debug|Any CPU
		{E61C7FD6-86D0-42C9-8D54-D693C5D225B0}.Debug|iPhoneSimulator.Deploy.0 = Debug|Any CPU
		{E61C7FD6-86D0-42C9-8D54-D693C5D225B0}.Debug|x64.ActiveCfg = Debug|Any CPU
		{E61C7FD6-86D0-42C9-8D54-D693C5D225B0}.Debug|x64.Build.0 = Debug|Any CPU
		{E61C7FD6-86D0-42C9-8D54-D693C5D225B0}.Debug|x64.Deploy.0 = Debug|Any CPU
		{E61C7FD6-86D0-42C9-8D54-D693C5D225B0}.Debug|x86.ActiveCfg = Debug|Any CPU
		{E61C7FD6-86D0-42C9-8D54-D693C5D225B0}.Debug|x86.Build.0 = Debug|Any CPU
		{E61C7FD6-86D0-42C9-8D54-D693C5D225B0}.Debug|x86.Deploy.0 = Debug|Any CPU
		{E61C7FD6-86D0-42C9-8D54-D693C5D225B0}.Release|Any CPU.ActiveCfg = Release|Any CPU
		{E61C7FD6-86D0-42C9-8D54-D693C5D225B0}.Release|Any CPU.Build.0 = Release|Any CPU
		{E61C7FD6-86D0-42C9-8D54-D693C5D225B0}.Release|Any CPU.Deploy.0 = Release|Any CPU
		{E61C7FD6-86D0-42C9-8D54-D693C5D225B0}.Release|ARM.ActiveCfg = Release|Any CPU
		{E61C7FD6-86D0-42C9-8D54-D693C5D225B0}.Release|ARM.Build.0 = Release|Any CPU
		{E61C7FD6-86D0-42C9-8D54-D693C5D225B0}.Release|ARM.Deploy.0 = Release|Any CPU
		{E61C7FD6-86D0-42C9-8D54-D693C5D225B0}.Release|iPhone.ActiveCfg = Release|Any CPU
		{E61C7FD6-86D0-42C9-8D54-D693C5D225B0}.Release|iPhone.Build.0 = Release|Any CPU
		{E61C7FD6-86D0-42C9-8D54-D693C5D225B0}.Release|iPhone.Deploy.0 = Release|Any CPU
		{E61C7FD6-86D0-42C9-8D54-D693C5D225B0}.Release|iPhoneSimulator.ActiveCfg = Release|Any CPU
		{E61C7FD6-86D0-42C9-8D54-D693C5D225B0}.Release|iPhoneSimulator.Build.0 = Release|Any CPU
		{E61C7FD6-86D0-42C9-8D54-D693C5D225B0}.Release|iPhoneSimulator.Deploy.0 = Release|Any CPU
		{E61C7FD6-86D0-42C9-8D54-D693C5D225B0}.Release|x64.ActiveCfg = Release|Any CPU
		{E61C7FD6-86D0-42C9-8D54-D693C5D225B0}.Release|x64.Build.0 = Release|Any CPU
		{E61C7FD6-86D0-42C9-8D54-D693C5D225B0}.Release|x64.Deploy.0 = Release|Any CPU
		{E61C7FD6-86D0-42C9-8D54-D693C5D225B0}.Release|x86.ActiveCfg = Release|Any CPU
		{E61C7FD6-86D0-42C9-8D54-D693C5D225B0}.Release|x86.Build.0 = Release|Any CPU
		{E61C7FD6-86D0-42C9-8D54-D693C5D225B0}.Release|x86.Deploy.0 = Release|Any CPU
		{091C60C4-165E-4A63-AE72-3FD5032346E9}.Ad-Hoc|Any CPU.ActiveCfg = Ad-Hoc|iPhone
		{091C60C4-165E-4A63-AE72-3FD5032346E9}.Ad-Hoc|ARM.ActiveCfg = Ad-Hoc|iPhone
		{091C60C4-165E-4A63-AE72-3FD5032346E9}.Ad-Hoc|iPhone.ActiveCfg = Ad-Hoc|iPhone
		{091C60C4-165E-4A63-AE72-3FD5032346E9}.Ad-Hoc|iPhone.Build.0 = Ad-Hoc|iPhone
		{091C60C4-165E-4A63-AE72-3FD5032346E9}.Ad-Hoc|iPhoneSimulator.ActiveCfg = Ad-Hoc|iPhoneSimulator
		{091C60C4-165E-4A63-AE72-3FD5032346E9}.Ad-Hoc|iPhoneSimulator.Build.0 = Ad-Hoc|iPhoneSimulator
		{091C60C4-165E-4A63-AE72-3FD5032346E9}.Ad-Hoc|x64.ActiveCfg = Ad-Hoc|iPhone
		{091C60C4-165E-4A63-AE72-3FD5032346E9}.Ad-Hoc|x86.ActiveCfg = Ad-Hoc|iPhone
		{091C60C4-165E-4A63-AE72-3FD5032346E9}.AppStore|Any CPU.ActiveCfg = AppStore|iPhone
		{091C60C4-165E-4A63-AE72-3FD5032346E9}.AppStore|ARM.ActiveCfg = AppStore|iPhone
		{091C60C4-165E-4A63-AE72-3FD5032346E9}.AppStore|iPhone.ActiveCfg = AppStore|iPhone
		{091C60C4-165E-4A63-AE72-3FD5032346E9}.AppStore|iPhone.Build.0 = AppStore|iPhone
		{091C60C4-165E-4A63-AE72-3FD5032346E9}.AppStore|iPhoneSimulator.ActiveCfg = AppStore|iPhoneSimulator
		{091C60C4-165E-4A63-AE72-3FD5032346E9}.AppStore|iPhoneSimulator.Build.0 = AppStore|iPhoneSimulator
		{091C60C4-165E-4A63-AE72-3FD5032346E9}.AppStore|x64.ActiveCfg = AppStore|iPhone
		{091C60C4-165E-4A63-AE72-3FD5032346E9}.AppStore|x86.ActiveCfg = AppStore|iPhone
		{091C60C4-165E-4A63-AE72-3FD5032346E9}.Debug|Any CPU.ActiveCfg = Debug|iPhone
		{091C60C4-165E-4A63-AE72-3FD5032346E9}.Debug|ARM.ActiveCfg = Debug|iPhone
		{091C60C4-165E-4A63-AE72-3FD5032346E9}.Debug|iPhone.ActiveCfg = Debug|iPhone
		{091C60C4-165E-4A63-AE72-3FD5032346E9}.Debug|iPhone.Build.0 = Debug|iPhone
		{091C60C4-165E-4A63-AE72-3FD5032346E9}.Debug|iPhoneSimulator.ActiveCfg = Debug|iPhoneSimulator
		{091C60C4-165E-4A63-AE72-3FD5032346E9}.Debug|iPhoneSimulator.Build.0 = Debug|iPhoneSimulator
		{091C60C4-165E-4A63-AE72-3FD5032346E9}.Debug|x64.ActiveCfg = Debug|iPhone
		{091C60C4-165E-4A63-AE72-3FD5032346E9}.Debug|x86.ActiveCfg = Debug|iPhone
		{091C60C4-165E-4A63-AE72-3FD5032346E9}.Release|Any CPU.ActiveCfg = Release|iPhone
		{091C60C4-165E-4A63-AE72-3FD5032346E9}.Release|ARM.ActiveCfg = Release|iPhone
		{091C60C4-165E-4A63-AE72-3FD5032346E9}.Release|iPhone.ActiveCfg = Release|iPhone
		{091C60C4-165E-4A63-AE72-3FD5032346E9}.Release|iPhone.Build.0 = Release|iPhone
		{091C60C4-165E-4A63-AE72-3FD5032346E9}.Release|iPhoneSimulator.ActiveCfg = Release|iPhoneSimulator
		{091C60C4-165E-4A63-AE72-3FD5032346E9}.Release|iPhoneSimulator.Build.0 = Release|iPhoneSimulator
		{091C60C4-165E-4A63-AE72-3FD5032346E9}.Release|x64.ActiveCfg = Release|iPhone
		{091C60C4-165E-4A63-AE72-3FD5032346E9}.Release|x86.ActiveCfg = Release|iPhone
		{397C6341-13A9-4A73-9AB6-4DA5821F7A77}.Ad-Hoc|Any CPU.ActiveCfg = Release|Any CPU
		{397C6341-13A9-4A73-9AB6-4DA5821F7A77}.Ad-Hoc|Any CPU.Build.0 = Release|Any CPU
		{397C6341-13A9-4A73-9AB6-4DA5821F7A77}.Ad-Hoc|Any CPU.Deploy.0 = Release|Any CPU
		{397C6341-13A9-4A73-9AB6-4DA5821F7A77}.Ad-Hoc|ARM.ActiveCfg = Release|ARM
		{397C6341-13A9-4A73-9AB6-4DA5821F7A77}.Ad-Hoc|ARM.Build.0 = Release|ARM
		{397C6341-13A9-4A73-9AB6-4DA5821F7A77}.Ad-Hoc|ARM.Deploy.0 = Release|ARM
		{397C6341-13A9-4A73-9AB6-4DA5821F7A77}.Ad-Hoc|iPhone.ActiveCfg = Release|Any CPU
		{397C6341-13A9-4A73-9AB6-4DA5821F7A77}.Ad-Hoc|iPhone.Build.0 = Release|Any CPU
		{397C6341-13A9-4A73-9AB6-4DA5821F7A77}.Ad-Hoc|iPhone.Deploy.0 = Release|Any CPU
		{397C6341-13A9-4A73-9AB6-4DA5821F7A77}.Ad-Hoc|iPhoneSimulator.ActiveCfg = Release|Any CPU
		{397C6341-13A9-4A73-9AB6-4DA5821F7A77}.Ad-Hoc|iPhoneSimulator.Build.0 = Release|Any CPU
		{397C6341-13A9-4A73-9AB6-4DA5821F7A77}.Ad-Hoc|iPhoneSimulator.Deploy.0 = Release|Any CPU
		{397C6341-13A9-4A73-9AB6-4DA5821F7A77}.Ad-Hoc|x64.ActiveCfg = Release|Any CPU
		{397C6341-13A9-4A73-9AB6-4DA5821F7A77}.Ad-Hoc|x64.Build.0 = Release|Any CPU
		{397C6341-13A9-4A73-9AB6-4DA5821F7A77}.Ad-Hoc|x64.Deploy.0 = Release|Any CPU
		{397C6341-13A9-4A73-9AB6-4DA5821F7A77}.Ad-Hoc|x86.ActiveCfg = Release|x86
		{397C6341-13A9-4A73-9AB6-4DA5821F7A77}.Ad-Hoc|x86.Build.0 = Release|x86
		{397C6341-13A9-4A73-9AB6-4DA5821F7A77}.Ad-Hoc|x86.Deploy.0 = Release|x86
		{397C6341-13A9-4A73-9AB6-4DA5821F7A77}.AppStore|Any CPU.ActiveCfg = Release|Any CPU
		{397C6341-13A9-4A73-9AB6-4DA5821F7A77}.AppStore|Any CPU.Build.0 = Release|Any CPU
		{397C6341-13A9-4A73-9AB6-4DA5821F7A77}.AppStore|Any CPU.Deploy.0 = Release|Any CPU
		{397C6341-13A9-4A73-9AB6-4DA5821F7A77}.AppStore|ARM.ActiveCfg = Release|ARM
		{397C6341-13A9-4A73-9AB6-4DA5821F7A77}.AppStore|ARM.Build.0 = Release|ARM
		{397C6341-13A9-4A73-9AB6-4DA5821F7A77}.AppStore|ARM.Deploy.0 = Release|ARM
		{397C6341-13A9-4A73-9AB6-4DA5821F7A77}.AppStore|iPhone.ActiveCfg = Release|Any CPU
		{397C6341-13A9-4A73-9AB6-4DA5821F7A77}.AppStore|iPhone.Build.0 = Release|Any CPU
		{397C6341-13A9-4A73-9AB6-4DA5821F7A77}.AppStore|iPhone.Deploy.0 = Release|Any CPU
		{397C6341-13A9-4A73-9AB6-4DA5821F7A77}.AppStore|iPhoneSimulator.ActiveCfg = Release|Any CPU
		{397C6341-13A9-4A73-9AB6-4DA5821F7A77}.AppStore|iPhoneSimulator.Build.0 = Release|Any CPU
		{397C6341-13A9-4A73-9AB6-4DA5821F7A77}.AppStore|iPhoneSimulator.Deploy.0 = Release|Any CPU
		{397C6341-13A9-4A73-9AB6-4DA5821F7A77}.AppStore|x64.ActiveCfg = Release|Any CPU
		{397C6341-13A9-4A73-9AB6-4DA5821F7A77}.AppStore|x64.Build.0 = Release|Any CPU
		{397C6341-13A9-4A73-9AB6-4DA5821F7A77}.AppStore|x64.Deploy.0 = Release|Any CPU
		{397C6341-13A9-4A73-9AB6-4DA5821F7A77}.AppStore|x86.ActiveCfg = Release|x86
		{397C6341-13A9-4A73-9AB6-4DA5821F7A77}.AppStore|x86.Build.0 = Release|x86
		{397C6341-13A9-4A73-9AB6-4DA5821F7A77}.AppStore|x86.Deploy.0 = Release|x86
		{397C6341-13A9-4A73-9AB6-4DA5821F7A77}.Debug|Any CPU.ActiveCfg = Debug|Any CPU
		{397C6341-13A9-4A73-9AB6-4DA5821F7A77}.Debug|Any CPU.Build.0 = Debug|Any CPU
		{397C6341-13A9-4A73-9AB6-4DA5821F7A77}.Debug|Any CPU.Deploy.0 = Debug|Any CPU
		{397C6341-13A9-4A73-9AB6-4DA5821F7A77}.Debug|ARM.ActiveCfg = Debug|ARM
		{397C6341-13A9-4A73-9AB6-4DA5821F7A77}.Debug|ARM.Build.0 = Debug|ARM
		{397C6341-13A9-4A73-9AB6-4DA5821F7A77}.Debug|ARM.Deploy.0 = Debug|ARM
		{397C6341-13A9-4A73-9AB6-4DA5821F7A77}.Debug|iPhone.ActiveCfg = Debug|Any CPU
		{397C6341-13A9-4A73-9AB6-4DA5821F7A77}.Debug|iPhone.Build.0 = Debug|Any CPU
		{397C6341-13A9-4A73-9AB6-4DA5821F7A77}.Debug|iPhone.Deploy.0 = Debug|Any CPU
		{397C6341-13A9-4A73-9AB6-4DA5821F7A77}.Debug|iPhoneSimulator.ActiveCfg = Debug|Any CPU
		{397C6341-13A9-4A73-9AB6-4DA5821F7A77}.Debug|iPhoneSimulator.Build.0 = Debug|Any CPU
		{397C6341-13A9-4A73-9AB6-4DA5821F7A77}.Debug|iPhoneSimulator.Deploy.0 = Debug|Any CPU
		{397C6341-13A9-4A73-9AB6-4DA5821F7A77}.Debug|x64.ActiveCfg = Debug|Any CPU
		{397C6341-13A9-4A73-9AB6-4DA5821F7A77}.Debug|x64.Build.0 = Debug|Any CPU
		{397C6341-13A9-4A73-9AB6-4DA5821F7A77}.Debug|x64.Deploy.0 = Debug|Any CPU
		{397C6341-13A9-4A73-9AB6-4DA5821F7A77}.Debug|x86.ActiveCfg = Debug|x86
		{397C6341-13A9-4A73-9AB6-4DA5821F7A77}.Debug|x86.Build.0 = Debug|x86
		{397C6341-13A9-4A73-9AB6-4DA5821F7A77}.Debug|x86.Deploy.0 = Debug|x86
		{397C6341-13A9-4A73-9AB6-4DA5821F7A77}.Release|Any CPU.ActiveCfg = Release|Any CPU
		{397C6341-13A9-4A73-9AB6-4DA5821F7A77}.Release|Any CPU.Build.0 = Release|Any CPU
		{397C6341-13A9-4A73-9AB6-4DA5821F7A77}.Release|Any CPU.Deploy.0 = Release|Any CPU
		{397C6341-13A9-4A73-9AB6-4DA5821F7A77}.Release|ARM.ActiveCfg = Release|ARM
		{397C6341-13A9-4A73-9AB6-4DA5821F7A77}.Release|ARM.Build.0 = Release|ARM
		{397C6341-13A9-4A73-9AB6-4DA5821F7A77}.Release|ARM.Deploy.0 = Release|ARM
		{397C6341-13A9-4A73-9AB6-4DA5821F7A77}.Release|iPhone.ActiveCfg = Release|Any CPU
		{397C6341-13A9-4A73-9AB6-4DA5821F7A77}.Release|iPhone.Build.0 = Release|Any CPU
		{397C6341-13A9-4A73-9AB6-4DA5821F7A77}.Release|iPhone.Deploy.0 = Release|Any CPU
		{397C6341-13A9-4A73-9AB6-4DA5821F7A77}.Release|iPhoneSimulator.ActiveCfg = Release|Any CPU
		{397C6341-13A9-4A73-9AB6-4DA5821F7A77}.Release|iPhoneSimulator.Build.0 = Release|Any CPU
		{397C6341-13A9-4A73-9AB6-4DA5821F7A77}.Release|iPhoneSimulator.Deploy.0 = Release|Any CPU
		{397C6341-13A9-4A73-9AB6-4DA5821F7A77}.Release|x64.ActiveCfg = Release|Any CPU
		{397C6341-13A9-4A73-9AB6-4DA5821F7A77}.Release|x64.Build.0 = Release|Any CPU
		{397C6341-13A9-4A73-9AB6-4DA5821F7A77}.Release|x64.Deploy.0 = Release|Any CPU
		{397C6341-13A9-4A73-9AB6-4DA5821F7A77}.Release|x86.ActiveCfg = Release|x86
		{397C6341-13A9-4A73-9AB6-4DA5821F7A77}.Release|x86.Build.0 = Release|x86
		{397C6341-13A9-4A73-9AB6-4DA5821F7A77}.Release|x86.Deploy.0 = Release|x86
		{1237711D-F108-4AC2-BE16-48C872B09AFA}.Ad-Hoc|Any CPU.ActiveCfg = Release|x86
		{1237711D-F108-4AC2-BE16-48C872B09AFA}.Ad-Hoc|Any CPU.Build.0 = Release|x86
		{1237711D-F108-4AC2-BE16-48C872B09AFA}.Ad-Hoc|Any CPU.Deploy.0 = Release|x86
		{1237711D-F108-4AC2-BE16-48C872B09AFA}.Ad-Hoc|ARM.ActiveCfg = Release|ARM
		{1237711D-F108-4AC2-BE16-48C872B09AFA}.Ad-Hoc|ARM.Build.0 = Release|ARM
		{1237711D-F108-4AC2-BE16-48C872B09AFA}.Ad-Hoc|ARM.Deploy.0 = Release|ARM
		{1237711D-F108-4AC2-BE16-48C872B09AFA}.Ad-Hoc|iPhone.ActiveCfg = Release|x86
		{1237711D-F108-4AC2-BE16-48C872B09AFA}.Ad-Hoc|iPhone.Build.0 = Release|x86
		{1237711D-F108-4AC2-BE16-48C872B09AFA}.Ad-Hoc|iPhone.Deploy.0 = Release|x86
		{1237711D-F108-4AC2-BE16-48C872B09AFA}.Ad-Hoc|iPhoneSimulator.ActiveCfg = Release|x86
		{1237711D-F108-4AC2-BE16-48C872B09AFA}.Ad-Hoc|iPhoneSimulator.Build.0 = Release|x86
		{1237711D-F108-4AC2-BE16-48C872B09AFA}.Ad-Hoc|iPhoneSimulator.Deploy.0 = Release|x86
		{1237711D-F108-4AC2-BE16-48C872B09AFA}.Ad-Hoc|x64.ActiveCfg = Release|x64
		{1237711D-F108-4AC2-BE16-48C872B09AFA}.Ad-Hoc|x64.Build.0 = Release|x64
		{1237711D-F108-4AC2-BE16-48C872B09AFA}.Ad-Hoc|x64.Deploy.0 = Release|x64
		{1237711D-F108-4AC2-BE16-48C872B09AFA}.Ad-Hoc|x86.ActiveCfg = Release|x86
		{1237711D-F108-4AC2-BE16-48C872B09AFA}.Ad-Hoc|x86.Build.0 = Release|x86
		{1237711D-F108-4AC2-BE16-48C872B09AFA}.Ad-Hoc|x86.Deploy.0 = Release|x86
		{1237711D-F108-4AC2-BE16-48C872B09AFA}.AppStore|Any CPU.ActiveCfg = Release|x86
		{1237711D-F108-4AC2-BE16-48C872B09AFA}.AppStore|Any CPU.Build.0 = Release|x86
		{1237711D-F108-4AC2-BE16-48C872B09AFA}.AppStore|Any CPU.Deploy.0 = Release|x86
		{1237711D-F108-4AC2-BE16-48C872B09AFA}.AppStore|ARM.ActiveCfg = Release|ARM
		{1237711D-F108-4AC2-BE16-48C872B09AFA}.AppStore|ARM.Build.0 = Release|ARM
		{1237711D-F108-4AC2-BE16-48C872B09AFA}.AppStore|ARM.Deploy.0 = Release|ARM
		{1237711D-F108-4AC2-BE16-48C872B09AFA}.AppStore|iPhone.ActiveCfg = Release|x86
		{1237711D-F108-4AC2-BE16-48C872B09AFA}.AppStore|iPhone.Build.0 = Release|x86
		{1237711D-F108-4AC2-BE16-48C872B09AFA}.AppStore|iPhone.Deploy.0 = Release|x86
		{1237711D-F108-4AC2-BE16-48C872B09AFA}.AppStore|iPhoneSimulator.ActiveCfg = Release|x86
		{1237711D-F108-4AC2-BE16-48C872B09AFA}.AppStore|iPhoneSimulator.Build.0 = Release|x86
		{1237711D-F108-4AC2-BE16-48C872B09AFA}.AppStore|iPhoneSimulator.Deploy.0 = Release|x86
		{1237711D-F108-4AC2-BE16-48C872B09AFA}.AppStore|x64.ActiveCfg = Release|x64
		{1237711D-F108-4AC2-BE16-48C872B09AFA}.AppStore|x64.Build.0 = Release|x64
		{1237711D-F108-4AC2-BE16-48C872B09AFA}.AppStore|x64.Deploy.0 = Release|x64
		{1237711D-F108-4AC2-BE16-48C872B09AFA}.AppStore|x86.ActiveCfg = Release|x86
		{1237711D-F108-4AC2-BE16-48C872B09AFA}.AppStore|x86.Build.0 = Release|x86
		{1237711D-F108-4AC2-BE16-48C872B09AFA}.AppStore|x86.Deploy.0 = Release|x86
		{1237711D-F108-4AC2-BE16-48C872B09AFA}.Debug|Any CPU.ActiveCfg = Debug|x86
		{1237711D-F108-4AC2-BE16-48C872B09AFA}.Debug|ARM.ActiveCfg = Debug|ARM
		{1237711D-F108-4AC2-BE16-48C872B09AFA}.Debug|ARM.Build.0 = Debug|ARM
		{1237711D-F108-4AC2-BE16-48C872B09AFA}.Debug|ARM.Deploy.0 = Debug|ARM
		{1237711D-F108-4AC2-BE16-48C872B09AFA}.Debug|iPhone.ActiveCfg = Debug|x86
		{1237711D-F108-4AC2-BE16-48C872B09AFA}.Debug|iPhoneSimulator.ActiveCfg = Debug|x86
		{1237711D-F108-4AC2-BE16-48C872B09AFA}.Debug|x64.ActiveCfg = Debug|x64
		{1237711D-F108-4AC2-BE16-48C872B09AFA}.Debug|x64.Build.0 = Debug|x64
		{1237711D-F108-4AC2-BE16-48C872B09AFA}.Debug|x64.Deploy.0 = Debug|x64
		{1237711D-F108-4AC2-BE16-48C872B09AFA}.Debug|x86.ActiveCfg = Debug|x86
		{1237711D-F108-4AC2-BE16-48C872B09AFA}.Debug|x86.Build.0 = Debug|x86
		{1237711D-F108-4AC2-BE16-48C872B09AFA}.Debug|x86.Deploy.0 = Debug|x86
		{1237711D-F108-4AC2-BE16-48C872B09AFA}.Release|Any CPU.ActiveCfg = Release|x86
		{1237711D-F108-4AC2-BE16-48C872B09AFA}.Release|ARM.ActiveCfg = Release|ARM
		{1237711D-F108-4AC2-BE16-48C872B09AFA}.Release|ARM.Build.0 = Release|ARM
		{1237711D-F108-4AC2-BE16-48C872B09AFA}.Release|ARM.Deploy.0 = Release|ARM
		{1237711D-F108-4AC2-BE16-48C872B09AFA}.Release|iPhone.ActiveCfg = Release|x86
		{1237711D-F108-4AC2-BE16-48C872B09AFA}.Release|iPhoneSimulator.ActiveCfg = Release|x86
		{1237711D-F108-4AC2-BE16-48C872B09AFA}.Release|x64.ActiveCfg = Release|x64
		{1237711D-F108-4AC2-BE16-48C872B09AFA}.Release|x64.Build.0 = Release|x64
		{1237711D-F108-4AC2-BE16-48C872B09AFA}.Release|x64.Deploy.0 = Release|x64
		{1237711D-F108-4AC2-BE16-48C872B09AFA}.Release|x86.ActiveCfg = Release|x86
		{1237711D-F108-4AC2-BE16-48C872B09AFA}.Release|x86.Build.0 = Release|x86
		{1237711D-F108-4AC2-BE16-48C872B09AFA}.Release|x86.Deploy.0 = Release|x86
		{D991D7D4-95B5-42BA-8565-A369BF0E26B2}.Ad-Hoc|Any CPU.ActiveCfg = Release|Any CPU
		{D991D7D4-95B5-42BA-8565-A369BF0E26B2}.Ad-Hoc|Any CPU.Build.0 = Release|Any CPU
		{D991D7D4-95B5-42BA-8565-A369BF0E26B2}.Ad-Hoc|Any CPU.Deploy.0 = Release|Any CPU
		{D991D7D4-95B5-42BA-8565-A369BF0E26B2}.Ad-Hoc|ARM.ActiveCfg = Release|ARM
		{D991D7D4-95B5-42BA-8565-A369BF0E26B2}.Ad-Hoc|ARM.Build.0 = Release|ARM
		{D991D7D4-95B5-42BA-8565-A369BF0E26B2}.Ad-Hoc|ARM.Deploy.0 = Release|ARM
		{D991D7D4-95B5-42BA-8565-A369BF0E26B2}.Ad-Hoc|iPhone.ActiveCfg = Release|Any CPU
		{D991D7D4-95B5-42BA-8565-A369BF0E26B2}.Ad-Hoc|iPhone.Build.0 = Release|Any CPU
		{D991D7D4-95B5-42BA-8565-A369BF0E26B2}.Ad-Hoc|iPhone.Deploy.0 = Release|Any CPU
		{D991D7D4-95B5-42BA-8565-A369BF0E26B2}.Ad-Hoc|iPhoneSimulator.ActiveCfg = Release|Any CPU
		{D991D7D4-95B5-42BA-8565-A369BF0E26B2}.Ad-Hoc|iPhoneSimulator.Build.0 = Release|Any CPU
		{D991D7D4-95B5-42BA-8565-A369BF0E26B2}.Ad-Hoc|iPhoneSimulator.Deploy.0 = Release|Any CPU
		{D991D7D4-95B5-42BA-8565-A369BF0E26B2}.Ad-Hoc|x64.ActiveCfg = Release|x64
		{D991D7D4-95B5-42BA-8565-A369BF0E26B2}.Ad-Hoc|x64.Build.0 = Release|x64
		{D991D7D4-95B5-42BA-8565-A369BF0E26B2}.Ad-Hoc|x64.Deploy.0 = Release|x64
		{D991D7D4-95B5-42BA-8565-A369BF0E26B2}.Ad-Hoc|x86.ActiveCfg = Release|x86
		{D991D7D4-95B5-42BA-8565-A369BF0E26B2}.Ad-Hoc|x86.Build.0 = Release|x86
		{D991D7D4-95B5-42BA-8565-A369BF0E26B2}.Ad-Hoc|x86.Deploy.0 = Release|x86
		{D991D7D4-95B5-42BA-8565-A369BF0E26B2}.AppStore|Any CPU.ActiveCfg = Release|Any CPU
		{D991D7D4-95B5-42BA-8565-A369BF0E26B2}.AppStore|Any CPU.Build.0 = Release|Any CPU
		{D991D7D4-95B5-42BA-8565-A369BF0E26B2}.AppStore|Any CPU.Deploy.0 = Release|Any CPU
		{D991D7D4-95B5-42BA-8565-A369BF0E26B2}.AppStore|ARM.ActiveCfg = Release|ARM
		{D991D7D4-95B5-42BA-8565-A369BF0E26B2}.AppStore|ARM.Build.0 = Release|ARM
		{D991D7D4-95B5-42BA-8565-A369BF0E26B2}.AppStore|ARM.Deploy.0 = Release|ARM
		{D991D7D4-95B5-42BA-8565-A369BF0E26B2}.AppStore|iPhone.ActiveCfg = Release|Any CPU
		{D991D7D4-95B5-42BA-8565-A369BF0E26B2}.AppStore|iPhone.Build.0 = Release|Any CPU
		{D991D7D4-95B5-42BA-8565-A369BF0E26B2}.AppStore|iPhone.Deploy.0 = Release|Any CPU
		{D991D7D4-95B5-42BA-8565-A369BF0E26B2}.AppStore|iPhoneSimulator.ActiveCfg = Release|Any CPU
		{D991D7D4-95B5-42BA-8565-A369BF0E26B2}.AppStore|iPhoneSimulator.Build.0 = Release|Any CPU
		{D991D7D4-95B5-42BA-8565-A369BF0E26B2}.AppStore|iPhoneSimulator.Deploy.0 = Release|Any CPU
		{D991D7D4-95B5-42BA-8565-A369BF0E26B2}.AppStore|x64.ActiveCfg = Release|x64
		{D991D7D4-95B5-42BA-8565-A369BF0E26B2}.AppStore|x64.Build.0 = Release|x64
		{D991D7D4-95B5-42BA-8565-A369BF0E26B2}.AppStore|x64.Deploy.0 = Release|x64
		{D991D7D4-95B5-42BA-8565-A369BF0E26B2}.AppStore|x86.ActiveCfg = Release|x86
		{D991D7D4-95B5-42BA-8565-A369BF0E26B2}.AppStore|x86.Build.0 = Release|x86
		{D991D7D4-95B5-42BA-8565-A369BF0E26B2}.AppStore|x86.Deploy.0 = Release|x86
		{D991D7D4-95B5-42BA-8565-A369BF0E26B2}.Debug|Any CPU.ActiveCfg = Debug|Any CPU
		{D991D7D4-95B5-42BA-8565-A369BF0E26B2}.Debug|Any CPU.Build.0 = Debug|Any CPU
		{D991D7D4-95B5-42BA-8565-A369BF0E26B2}.Debug|Any CPU.Deploy.0 = Debug|Any CPU
		{D991D7D4-95B5-42BA-8565-A369BF0E26B2}.Debug|ARM.ActiveCfg = Debug|ARM
		{D991D7D4-95B5-42BA-8565-A369BF0E26B2}.Debug|ARM.Build.0 = Debug|ARM
		{D991D7D4-95B5-42BA-8565-A369BF0E26B2}.Debug|ARM.Deploy.0 = Debug|ARM
		{D991D7D4-95B5-42BA-8565-A369BF0E26B2}.Debug|iPhone.ActiveCfg = Debug|Any CPU
		{D991D7D4-95B5-42BA-8565-A369BF0E26B2}.Debug|iPhone.Build.0 = Debug|Any CPU
		{D991D7D4-95B5-42BA-8565-A369BF0E26B2}.Debug|iPhone.Deploy.0 = Debug|Any CPU
		{D991D7D4-95B5-42BA-8565-A369BF0E26B2}.Debug|iPhoneSimulator.ActiveCfg = Debug|Any CPU
		{D991D7D4-95B5-42BA-8565-A369BF0E26B2}.Debug|iPhoneSimulator.Build.0 = Debug|Any CPU
		{D991D7D4-95B5-42BA-8565-A369BF0E26B2}.Debug|iPhoneSimulator.Deploy.0 = Debug|Any CPU
		{D991D7D4-95B5-42BA-8565-A369BF0E26B2}.Debug|x64.ActiveCfg = Debug|x64
		{D991D7D4-95B5-42BA-8565-A369BF0E26B2}.Debug|x64.Build.0 = Debug|x64
		{D991D7D4-95B5-42BA-8565-A369BF0E26B2}.Debug|x64.Deploy.0 = Debug|x64
		{D991D7D4-95B5-42BA-8565-A369BF0E26B2}.Debug|x86.ActiveCfg = Debug|x86
		{D991D7D4-95B5-42BA-8565-A369BF0E26B2}.Debug|x86.Build.0 = Debug|x86
		{D991D7D4-95B5-42BA-8565-A369BF0E26B2}.Debug|x86.Deploy.0 = Debug|x86
		{D991D7D4-95B5-42BA-8565-A369BF0E26B2}.Release|Any CPU.ActiveCfg = Release|Any CPU
		{D991D7D4-95B5-42BA-8565-A369BF0E26B2}.Release|Any CPU.Build.0 = Release|Any CPU
		{D991D7D4-95B5-42BA-8565-A369BF0E26B2}.Release|Any CPU.Deploy.0 = Release|Any CPU
		{D991D7D4-95B5-42BA-8565-A369BF0E26B2}.Release|ARM.ActiveCfg = Release|ARM
		{D991D7D4-95B5-42BA-8565-A369BF0E26B2}.Release|ARM.Build.0 = Release|ARM
		{D991D7D4-95B5-42BA-8565-A369BF0E26B2}.Release|ARM.Deploy.0 = Release|ARM
		{D991D7D4-95B5-42BA-8565-A369BF0E26B2}.Release|iPhone.ActiveCfg = Release|Any CPU
		{D991D7D4-95B5-42BA-8565-A369BF0E26B2}.Release|iPhone.Build.0 = Release|Any CPU
		{D991D7D4-95B5-42BA-8565-A369BF0E26B2}.Release|iPhone.Deploy.0 = Release|Any CPU
		{D991D7D4-95B5-42BA-8565-A369BF0E26B2}.Release|iPhoneSimulator.ActiveCfg = Release|Any CPU
		{D991D7D4-95B5-42BA-8565-A369BF0E26B2}.Release|iPhoneSimulator.Build.0 = Release|Any CPU
		{D991D7D4-95B5-42BA-8565-A369BF0E26B2}.Release|iPhoneSimulator.Deploy.0 = Release|Any CPU
		{D991D7D4-95B5-42BA-8565-A369BF0E26B2}.Release|x64.ActiveCfg = Release|x64
		{D991D7D4-95B5-42BA-8565-A369BF0E26B2}.Release|x64.Build.0 = Release|x64
		{D991D7D4-95B5-42BA-8565-A369BF0E26B2}.Release|x64.Deploy.0 = Release|x64
		{D991D7D4-95B5-42BA-8565-A369BF0E26B2}.Release|x86.ActiveCfg = Release|x86
		{D991D7D4-95B5-42BA-8565-A369BF0E26B2}.Release|x86.Build.0 = Release|x86
		{D991D7D4-95B5-42BA-8565-A369BF0E26B2}.Release|x86.Deploy.0 = Release|x86
		{82FBC126-9E31-4914-90AB-84F53EB1C825}.Ad-Hoc|Any CPU.ActiveCfg = Release|Any CPU
		{82FBC126-9E31-4914-90AB-84F53EB1C825}.Ad-Hoc|Any CPU.Build.0 = Release|Any CPU
		{82FBC126-9E31-4914-90AB-84F53EB1C825}.Ad-Hoc|ARM.ActiveCfg = Release|Any CPU
		{82FBC126-9E31-4914-90AB-84F53EB1C825}.Ad-Hoc|ARM.Build.0 = Release|Any CPU
		{82FBC126-9E31-4914-90AB-84F53EB1C825}.Ad-Hoc|iPhone.ActiveCfg = Release|Any CPU
		{82FBC126-9E31-4914-90AB-84F53EB1C825}.Ad-Hoc|iPhone.Build.0 = Release|Any CPU
		{82FBC126-9E31-4914-90AB-84F53EB1C825}.Ad-Hoc|iPhoneSimulator.ActiveCfg = Release|Any CPU
		{82FBC126-9E31-4914-90AB-84F53EB1C825}.Ad-Hoc|iPhoneSimulator.Build.0 = Release|Any CPU
		{82FBC126-9E31-4914-90AB-84F53EB1C825}.Ad-Hoc|x64.ActiveCfg = Release|Any CPU
		{82FBC126-9E31-4914-90AB-84F53EB1C825}.Ad-Hoc|x64.Build.0 = Release|Any CPU
		{82FBC126-9E31-4914-90AB-84F53EB1C825}.Ad-Hoc|x86.ActiveCfg = Release|Any CPU
		{82FBC126-9E31-4914-90AB-84F53EB1C825}.Ad-Hoc|x86.Build.0 = Release|Any CPU
		{82FBC126-9E31-4914-90AB-84F53EB1C825}.AppStore|Any CPU.ActiveCfg = Release|Any CPU
		{82FBC126-9E31-4914-90AB-84F53EB1C825}.AppStore|Any CPU.Build.0 = Release|Any CPU
		{82FBC126-9E31-4914-90AB-84F53EB1C825}.AppStore|ARM.ActiveCfg = Release|Any CPU
		{82FBC126-9E31-4914-90AB-84F53EB1C825}.AppStore|ARM.Build.0 = Release|Any CPU
		{82FBC126-9E31-4914-90AB-84F53EB1C825}.AppStore|iPhone.ActiveCfg = Release|Any CPU
		{82FBC126-9E31-4914-90AB-84F53EB1C825}.AppStore|iPhone.Build.0 = Release|Any CPU
		{82FBC126-9E31-4914-90AB-84F53EB1C825}.AppStore|iPhoneSimulator.ActiveCfg = Release|Any CPU
		{82FBC126-9E31-4914-90AB-84F53EB1C825}.AppStore|iPhoneSimulator.Build.0 = Release|Any CPU
		{82FBC126-9E31-4914-90AB-84F53EB1C825}.AppStore|x64.ActiveCfg = Release|Any CPU
		{82FBC126-9E31-4914-90AB-84F53EB1C825}.AppStore|x64.Build.0 = Release|Any CPU
		{82FBC126-9E31-4914-90AB-84F53EB1C825}.AppStore|x86.ActiveCfg = Release|Any CPU
		{82FBC126-9E31-4914-90AB-84F53EB1C825}.AppStore|x86.Build.0 = Release|Any CPU
		{82FBC126-9E31-4914-90AB-84F53EB1C825}.Debug|Any CPU.ActiveCfg = Debug|Any CPU
		{82FBC126-9E31-4914-90AB-84F53EB1C825}.Debug|Any CPU.Build.0 = Debug|Any CPU
		{82FBC126-9E31-4914-90AB-84F53EB1C825}.Debug|ARM.ActiveCfg = Debug|Any CPU
		{82FBC126-9E31-4914-90AB-84F53EB1C825}.Debug|ARM.Build.0 = Debug|Any CPU
		{82FBC126-9E31-4914-90AB-84F53EB1C825}.Debug|iPhone.ActiveCfg = Debug|Any CPU
		{82FBC126-9E31-4914-90AB-84F53EB1C825}.Debug|iPhone.Build.0 = Debug|Any CPU
		{82FBC126-9E31-4914-90AB-84F53EB1C825}.Debug|iPhoneSimulator.ActiveCfg = Debug|Any CPU
		{82FBC126-9E31-4914-90AB-84F53EB1C825}.Debug|iPhoneSimulator.Build.0 = Debug|Any CPU
		{82FBC126-9E31-4914-90AB-84F53EB1C825}.Debug|x64.ActiveCfg = Debug|Any CPU
		{82FBC126-9E31-4914-90AB-84F53EB1C825}.Debug|x64.Build.0 = Debug|Any CPU
		{82FBC126-9E31-4914-90AB-84F53EB1C825}.Debug|x86.ActiveCfg = Debug|Any CPU
		{82FBC126-9E31-4914-90AB-84F53EB1C825}.Debug|x86.Build.0 = Debug|Any CPU
		{82FBC126-9E31-4914-90AB-84F53EB1C825}.Release|Any CPU.ActiveCfg = Release|Any CPU
		{82FBC126-9E31-4914-90AB-84F53EB1C825}.Release|Any CPU.Build.0 = Release|Any CPU
		{82FBC126-9E31-4914-90AB-84F53EB1C825}.Release|ARM.ActiveCfg = Release|Any CPU
		{82FBC126-9E31-4914-90AB-84F53EB1C825}.Release|ARM.Build.0 = Release|Any CPU
		{82FBC126-9E31-4914-90AB-84F53EB1C825}.Release|iPhone.ActiveCfg = Release|Any CPU
		{82FBC126-9E31-4914-90AB-84F53EB1C825}.Release|iPhone.Build.0 = Release|Any CPU
		{82FBC126-9E31-4914-90AB-84F53EB1C825}.Release|iPhoneSimulator.ActiveCfg = Release|Any CPU
		{82FBC126-9E31-4914-90AB-84F53EB1C825}.Release|iPhoneSimulator.Build.0 = Release|Any CPU
		{82FBC126-9E31-4914-90AB-84F53EB1C825}.Release|x64.ActiveCfg = Release|Any CPU
		{82FBC126-9E31-4914-90AB-84F53EB1C825}.Release|x64.Build.0 = Release|Any CPU
		{82FBC126-9E31-4914-90AB-84F53EB1C825}.Release|x86.ActiveCfg = Release|Any CPU
		{82FBC126-9E31-4914-90AB-84F53EB1C825}.Release|x86.Build.0 = Release|Any CPU
	EndGlobalSection
	GlobalSection(SolutionProperties) = preSolution
		HideSolutionNode = FALSE
	EndGlobalSection
EndGlobal
